
Microsoft Visual Studio Solution File, Format Version 12.00
# Visual Studio Version 17
VisualStudioVersion = 17.7.34031.279
MinimumVisualStudioVersion = 10.0.40219.1
Project("{9A19103F-16F7-4668-BE54-9A1E7A4F7556}") = "OrganizacionEventos.Shared", "OrganizacionEventos.Shared\OrganizacionEventos.Shared.csproj", "{DA4836E1-D067-41C9-A82D-BD9962A33958}"
EndProject
Project("{9A19103F-16F7-4668-BE54-9A1E7A4F7556}") = "OrganizacionEventos.API", "OrganizacionEventos.API\OrganizacionEventos.API.csproj", "{BEC614B6-2545-4FF6-80C2-AB62EFAEAD82}"
EndProject
Project("{9A19103F-16F7-4668-BE54-9A1E7A4F7556}") = "OrganizacionEventos.WEB", "OrganizacionEventos.WEB\OrganizacionEventos.WEB.csproj", "{AE5C4195-44E3-4418-88B1-8431C735A998}"
EndProject
Global
	GlobalSection(SolutionConfigurationPlatforms) = preSolution
		Debug|Any CPU = Debug|Any CPU
		Release|Any CPU = Release|Any CPU
	EndGlobalSection
	GlobalSection(ProjectConfigurationPlatforms) = postSolution
		{DA4836E1-D067-41C9-A82D-BD9962A33958}.Debug|Any CPU.ActiveCfg = Debug|Any CPU
		{DA4836E1-D067-41C9-A82D-BD9962A33958}.Debug|Any CPU.Build.0 = Debug|Any CPU
		{DA4836E1-D067-41C9-A82D-BD9962A33958}.Release|Any CPU.ActiveCfg = Release|Any CPU
		{DA4836E1-D067-41C9-A82D-BD9962A33958}.Release|Any CPU.Build.0 = Release|Any CPU
		{BEC614B6-2545-4FF6-80C2-AB62EFAEAD82}.Debug|Any CPU.ActiveCfg = Debug|Any CPU
		{BEC614B6-2545-4FF6-80C2-AB62EFAEAD82}.Debug|Any CPU.Build.0 = Debug|Any CPU
		{BEC614B6-2545-4FF6-80C2-AB62EFAEAD82}.Release|Any CPU.ActiveCfg = Release|Any CPU
		{BEC614B6-2545-4FF6-80C2-AB62EFAEAD82}.Release|Any CPU.Build.0 = Release|Any CPU
		{AE5C4195-44E3-4418-88B1-8431C735A998}.Debug|Any CPU.ActiveCfg = Debug|Any CPU
		{AE5C4195-44E3-4418-88B1-8431C735A998}.Debug|Any CPU.Build.0 = Debug|Any CPU
		{AE5C4195-44E3-4418-88B1-8431C735A998}.Release|Any CPU.ActiveCfg = Release|Any CPU
		{AE5C4195-44E3-4418-88B1-8431C735A998}.Release|Any CPU.Build.0 = Release|Any CPU
	EndGlobalSection
	GlobalSection(SolutionProperties) = preSolution
		HideSolutionNode = FALSE
	EndGlobalSection
	GlobalSection(ExtensibilityGlobals) = postSolution
		SolutionGuid = {1AF7E146-AC32-446F-8880-E3DC224BC2FD}
	EndGlobalSection
EndGlobal
